{
  "name": "todo-code",
  "version": "1.0.0",
  "lockfileVersion": 3,
  "requires": true,
  "packages": {
    "": {
      "name": "todo-code",
      "version": "1.0.0",
      "license": "Apache-2.0",
      "devDependencies": {
        "rollup": "^4.64.1"
      }
    },
    "node_modules/@napi-rs/lzma-linux-x64-gnu": {
      "version": "1.5.1",
      "resolved": "https://registry.npmjs.org/@napi-rs/lzma-linux-x64-gnu/-/lzma-linux-x64-gnu-1.5.1.tgz",
      "integrity": "sha512-oTXEIha4SsuXdTA4Iyskj0kpdx2yVXdhd75c2v3xGrHFfVMsbhTPZU/nMPL4sWKo4pBHm3aucLaqGlF696dTyQ==",
      "cpu": [
        "x64"
      ],
      "dev": true,
      "libc": [
        "glibc"
      ],
      "license": "MIT",
      "optional": true,
      "os": [
        "linux"
      ],
      "engines": {
        "node": "^22.20 || ^24.12 || >=25"
      }
    },
    "node_modules/@rollup/rollup-android-arm-eabi": {
      "version": "4.64.1",
      "resolved": "https://registry.npmjs.org/@rollup/rollup-android-arm-eabi/-/rollup-android-arm-eabi-4.64.1.tgz",
      "integrity": "sha512-QRU7UpoS9hd8Ij5I6fCVBxZ0UpdfAbZ5y7BWG5STFGMoM9jGzUP464yYAa3CzZxvG+jBwq1kI8L07xx0ReAdGA==",
      "cpu": [
        "arm"
      ],
      "dev": true,
      "license": "MIT",
      "optional": true,
      "os": [
        "android"
      ]
    },
    "node_modules/@rollup/rollup-android-arm64": {
      "version": "4.64.1",
      "resolved": "https://registry.npmjs.org/@rollup/rollup-android-arm64/-/rollup-android-arm64-4.64.1.tgz",
      "integrity": "sha512-ttQF6Rp4MrNy9/2AOPmHmMXbNE8kIlNPYoGC3ksid9tonleMQALfrhTFJiQxobBvXYKG5Wcc8VGcHWTHR0ik8w==",
      "cpu": [
        "arm64"
      ],
      "dev": true,
      "license": "MIT",
      "optional": true,
      "os": [
        "android"
      ]
    },
    "node_modules/@rollup/rollup-darwin-arm64": {
      "version": "4.64.1",
      "resolved": "https://registry.npmjs.org/@rollup/rollup-darwin-arm64/-/rollup-darwin-arm64-4.64.1.tgz",
      "integrity": "sha512-MvzZ+qbBi5jrafURHsASUF1qW/58tOJFt/gFVJo2znQWrKX4CSf/Lt/qGONtoA4yHsNL5QzgdXMuITZxAs62Vg==",
      "cpu": [
        "arm64"
      ],
      "dev": true,
      "license": "MIT",
      "optional": true,
      "os": [
        "darwin"
      ]
    },
    "node_modules/@rollup/rollup-darwin-x64": {
      "version": "4.64.1",
      "resolved": "https://registry.npmjs.org/@rollup/rollup-darwin-x64/-/rollup-darwin-x64-4.64.1.tgz",
      "integrity": "sha512-9uj1VBuiPK5ij/+g0mCK17X+V/4SbErvRQMXIQjZAtbl4VcUhv63RhPZsFSWHrCRkTd3FKDtaVTrtT0+8bIhhQ==",
      "cpu": [
        "x64"
      ],
      "dev": true,
      "license": "MIT",
      "optional": true,
      "os": [
        "darwin"
      ]
    },
    "node_modules/@rollup/rollup-freebsd-arm64": {
      "version": "4.64.1",
      "resolved": "https://registry.npmjs.org/@rollup/rollup-freebsd-arm64/-/rollup-freebsd-arm64-4.64.1.tgz",
      "integrity": "sha512-FCoXm836IqcXWhWPRkqlLx3Hjnv9S7c8tg5MFwsgHB3aFCz1JjUy6b1ssrxEjEbqaHpnvRmNjUUHxsXuU85NYA==",
      "cpu": [
        "arm64"
      ],
      "dev": true,
      "license": "MIT",
      "optional": true,
      "os": [
        "freebsd"
      ]
    },
    "node_modules/@rollup/rollup-freebsd-x64": {
      "version": "4.64.1",
      "resolved": "https://registry.npmjs.org/@rollup/rollup-freebsd-x64/-/rollup-freebsd-x64-4.64.1.tgz",
      "integrity": "sha512-Xa6Oxo86Ilx1hq1vNb69541NOuUyhGEH3Sc0g7eGkfsfRblWh4hAa4Lj2GWwZyfUVYL+Z4xK3TxhwIuZ3fNPLg==",
      "cpu": [
        "x64"
      ],
      "dev": true,
      "license": "MIT",
      "optional": true,
      "os": [
        "freebsd"
      ]
    },
    "node_modules/@rollup/rollup-linux-arm-gnueabihf": {
      "version": "4.64.1",
      "resolved": "https://registry.npmjs.org/@rollup/rollup-linux-arm-gnueabihf/-/rollup-linux-arm-gnueabihf-4.64.1.tgz",
      "integrity": "sha512-Nkw7cVMu1yrczpzr42Mh1BZ5Ai5A4Fsz2Je/frbwHmazpQTJzP+qo7pNjdxHrxVj56ivKTJihNoN90OD1hGxBA==",
      "cpu": [
        "arm"
      ],
      "dev": true,
      "libc": [
        "glibc"
      ],
      "license": "MIT",
      "optional": true,
      "os": [
        "linux"
      ]
    },
    "node_modules/@rollup/rollup-linux-arm-musleabihf": {
      "version": "4.64.1",
      "resolved": "https://registry.npmjs.org/@rollup/rollup-linux-arm-musleabihf/-/rollup-linux-arm-musleabihf-4.64.1.tgz",
      "integrity": "sha512-JONaLM9mZPXbSetxMzYG3496qoJuWvG2ERCTrrVptfw/Fwe4UzrQoEx/mYEeZCRv/Xz0RldOLFeqDfqmH75/Zg==",
      "cpu": [
        "arm"
      ],
      "dev": true,
      "libc": [
        "musl"
      ],
      "license": "MIT",
      "optional": true,
      "os": [
        "linux"
      ]
    },
    "node_modules/@rollup/rollup-linux-arm64-gnu": {
      "version": "4.64.1",
      "resolved": "https://registry.npmjs.org/@rollup/rollup-linux-arm64-gnu/-/rollup-linux-arm64-gnu-4.64.1.tgz",
      "integrity": "sha512-OfimHma+prmdoobHI3tfYud2enQ2LXYaMu+iMUQH7IjJkykJ6qUmAs1M/scdQaEKRWysiKwTctsDa2LXvaO0xw==",
      "cpu": [
        "arm64"
      ],
      "dev": true,
      "libc": [
        "glibc"
      ],
      "license": "MIT",
      "optional": true,
      "os": [
        "linux"
      ]
    },
    "node_modules/@rollup/rollup-linux-arm64-musl": {
      "version": "4.64.1",
      "resolved": "https://registry.npmjs.org/@rollup/rollup-linux-arm64-musl/-/rollup-linux-arm64-musl-4.64.1.tgz",
      "integrity": "sha512-X5fwh2HM8EHbgfFwpf4m2x2pG/AHdQ2aPDPk+JCDwV4DPeM8yxYmKG1vvm123JSc9gBSu8tu9NECA99wHPztsw==",
      "cpu": [
        "arm64"
      ],
      "dev": true,
      "libc": [
        "musl"
      ],
      "license": "MIT",
      "optional": true,
      "os": [
        "linux"
      ]
    },
    "node_modules/@rollup/rollup-linux-loong64-gnu": {
      "version": "4.64.1",
      "resolved": "https://registry.npmjs.org/@rollup/rollup-linux-loong64-gnu/-/rollup-linux-loong64-gnu-4.64.1.tgz",
      "integrity": "sha512-8dp2TxKdjiX/4f7Da9gF7BR29hygxOQlHxKNa8qxJHoqZ13ytrogFTpMPhtVEFrgFu9MSOabAn006PeoygavjA==",
      "cpu": [
        "loong64"
      ],
      "dev": true,
      "libc": [
        "glibc"
      ],
      "license": "MIT",
      "optional": true,
      "os": [
        "linux"
      ]
    },
    "node_modules/@rollup/rollup-linux-loong64-musl": {
      "version": "4.64.1",
      "resolved": "https://registry.npmjs.org/@rollup/rollup-linux-loong64-musl/-/rollup-linux-loong64-musl-4.64.1.tgz",
      "integrity": "sha512-YuYDpRSZnU9qLf6sqyhiBdMRCw5ImECGLNqRjM2hZrJIEwAckameWkRJ3SUnn0oxSewZIib/4iLwyEXj40QqQQ==",
      "cpu": [
        "loong64"
      ],
      "dev": true,
      "libc": [
        "musl"
      ],
      "license": "MIT",
      "optional": true,
      "os": [
        "linux"
      ]
    },
    "node_modules/@rollup/rollup-linux-ppc64-gnu": {
      "version": "4.64.1",
      "resolved": "https://registry.npmjs.org/@rollup/rollup-linux-ppc64-gnu/-/rollup-linux-ppc64-gnu-4.64.1.tgz",
      "integrity": "sha512-gGj3v7YYkysy7IbfclMI4PDtHaa6YX4nU1D5NR1fyvXAGqM4TDk28ZWvrpOkkK92eoQRryAludWz6jNjsm77Qg==",
      "cpu": [
        "ppc64"
      ],
      "dev": true,
      "libc": [
        "glibc"
      ],
      "license": "MIT",
      "optional": true,
      "os": [
        "linux"
      ]
    },
    "node_modules/@rollup/rollup-linux-ppc64-musl": {
      "version": "4.64.1",
      "resolved": "https://registry.npmjs.org/@rollup/rollup-linux-ppc64-musl/-/rollup-linux-ppc64-musl-4.64.1.tgz",
      "integrity": "sha512-DTZVwvS94FUYpP0CjCfz2iT0XTmBfQGc/arx9IdwUbDImpe9h8dWuMT/oPUvcGiwLKMQoNmuFBx3AVajm+FNjA==",
      "cpu": [
        "ppc64"
      ],
      "dev": true,
      "libc": [
        "musl"
      ],
      "license": "MIT",
      "optional": true,
      "os": [
        "linux"
      ]
    },
    "node_modules/@rollup/rollup-linux-riscv64-gnu": {
      "version": "4.64.1",
      "resolved": "https://registry.npmjs.org/@rollup/rollup-linux-riscv64-gnu/-/rollup-linux-riscv64-gnu-4.64.1.tgz",
      "integrity": "sha512-NWnyiq2moc8iEHGyTjIFadJTy8VCvCU/rUBfor+3l30JOQKAifpmKdxX4ZxRRPSPE/rLhFpLADdzNjS3Ldctdw==",
      "cpu": [
        "riscv64"
      ],
      "dev": true,
      "libc": [
        "glibc"
      ],
      "license": "MIT",
      "optional": true,
      "os": [
        "linux"
      ]
    },
    "node_modules/@rollup/rollup-linux-riscv64-musl": {
      "version": "4.64.1",
      "resolved": "https://registry.npmjs.org/@rollup/rollup-linux-riscv64-musl/-/rollup-linux-riscv64-musl-4.64.1.tgz",
      "integrity": "sha512-yIz+7L37g7bVOGLaUQmGqiYADH262krL4dtf5zU6QGldPgOairLEgW1FTs5pP0UFkHq5uf2qxDttOFsVAX6kxg==",
      "cpu": [
        "riscv64"
      ],
      "dev": true,
      "libc": [
        "musl"
      ],
      "license": "MIT",
      "optional": true,
      "os": [
        "linux"
      ]
    },
    "node_modules/@rollup/rollup-linux-s390x-gnu": {
      "version": "4.64.1",
      "resolved": "https://registry.npmjs.org/@rollup/rollup-linux-s390x-gnu/-/rollup-linux-s390x-gnu-4.64.1.tgz",
      "integrity": "sha512-sRK+GWovJZV6ijyV/k1Ft3FL5+4DscF5OYsJolTbhVTTLFxKOPVjS0wxUUHakvL0vRw/cbFxZNeZLfM/EzuQhA==",
      "cpu": [
        "s390x"
      ],
      "dev": true,
      "libc": [
        "glibc"
      ],
      "license": "MIT",
      "optional": true,
      "os": [
        "linux"
      ]
    },
    "node_modules/@rollup/rollup-linux-x64-gnu": {
      "version": "4.64.1",
      "resolved": "https://registry.npmjs.org/@rollup/rollup-linux-x64-gnu/-/rollup-linux-x64-gnu-4.64.1.tgz",
      "integrity": "sha512-T2C0NXqqD063yJdm8UGdcoudBATDODdphEXWS7rEoh0jOITfoEBv7LHfRBYVsy+pI7wwxgScoZpkFiQOf40ryQ==",
      "cpu": [
        "x64"
      ],
      "dev": true,
      "libc": [
        "glibc"
      ],
      "license": "MIT",
      "optional": true,
      "os": [
        "linux"
      ]
    },
    "node_modules/@rollup/rollup-linux-x64-musl": {
      "version": "4.64.1",
      "resolved": "https://registry.npmjs.org/@rollup/rollup-linux-x64-musl/-/rollup-linux-x64-musl-4.64.1.tgz",
      "integrity": "sha512-05wl8uRZMkcobB6YZrzskr2SiM0VOdzlFw3bAxOjKKTt3M6o3O0X/hE/8xk15u8oQY17xUCdTKcNMMg45ZAFog==",
      "cpu": [
        "x64"
      ],
      "dev": true,
      "libc": [
        "musl"
      ],
      "license": "MIT",
      "optional": true,
      "os": [
        "linux"
      ]
    },
    "node_modules/@rollup/rollup-openbsd-x64": {
      "version": "4.64.1",
      "resolved": "https://registry.npmjs.org/@rollup/rollup-openbsd-x64/-/rollup-openbsd-x64-4.64.1.tgz",
      "integrity": "sha512-NoRZK1VclOgn9x3b9vPJ3sTxwvQ/F+Hf93xurRKSFJKiwNZyQZnLxVpqlCejhDvesMLMF8VNN+Y4jHTFddV/Xg==",
      "cpu": [
        "x64"
      ],
      "dev": true,
      "license": "MIT",
      "optional": true,
      "os": [
        "openbsd"
      ]
    },
    "node_modules/@rollup/rollup-openharmony-arm64": {
      "version": "4.64.1",
      "resolved": "https://registry.npmjs.org/@rollup/rollup-openharmony-arm64/-/rollup-openharmony-arm64-4.64.1.tgz",
      "integrity": "sha512-SDkX4OkZBePUPf0/XsXVJLwS+O61CmkDKuIyk5CeWddK3vkE8AZjmWK+p1ILRez4wnbS5rTK+U9YmcbRyx2dHw==",
      "cpu": [
        "arm64"
      ],
      "dev": true,
      "license": "MIT",
      "optional": true,
      "os": [
        "openharmony"
      ]
    },
    "node_modules/@rollup/rollup-win32-arm64-msvc": {
      "version": "4.64.1",
      "resolved": "https://registry.npmjs.org/@rollup/rollup-win32-arm64-msvc/-/rollup-win32-arm64-msvc-4.64.1.tgz",
      "integrity": "sha512-JQ7el/Plr3juYFxIVu9YXDPNl57XR2L8WIc87JX9wj0L3goV8fXQPQXb3DaHVXq61X/WCGWsTCQsQHo6/Mz5UQ==",
      "cpu": [
        "arm64"
      ],
      "dev": true,
      "license": "MIT",
      "optional": true,
      "os": [
        "win32"
      ]
    },
    "node_modules/@rollup/rollup-win32-ia32-msvc": {
      "version": "4.64.1",
      "resolved": "https://registry.npmjs.org/@rollup/rollup-win32-ia32-msvc/-/rollup-win32-ia32-msvc-4.64.1.tgz",
      "integrity": "sha512-oZSlQ2H3ZDOz3ce1jEyuOZKuD0tPY/D2cKGMcMl0jhHQauBvkHHKAGR1OeRiMluvu3itzLRU2xCTUZptLayObA==",
      "cpu": [
        "ia32"
      ],
      "dev": true,
      "license": "MIT",
      "optional": true,
      "os": [
        "win32"
      ]
    },
    "node_modules/@rollup/rollup-win32-x64-gnu": {
      "version": "4.64.1",
      "resolved": "https://registry.npmjs.org/@rollup/rollup-win32-x64-gnu/-/rollup-win32-x64-gnu-4.64.1.tgz",
      "integrity": "sha512-Do2m3jUeVAvUDpee/yVZYRqhO8Ecx4x5sX3EVGalqLx+OxecLDGx3sIwPEm1Nq+MFK2FV3pgdpwWP4624b85Og==",
      "cpu": [
        "x64"
      ],
      "dev": true,
      "license": "MIT",
      "optional": true,
      "os": [
        "win32"
      ]
    },
    "node_modules/@rollup/rollup-win32-x64-msvc": {
      "version": "4.64.1",
      "resolved": "https://registry.npmjs.org/@rollup/rollup-win32-x64-msvc/-/rollup-win32-x64-msvc-4.64.1.tgz",
      "integrity": "sha512-KpxCwRn1Qh3tmBHAqIAF4HtUCVKqZd0w57TsItWblx3QVeJLtXaSgeBFAj1WAvBSpBo+Mh9iZCjj6YW/HaBVMw==",
      "cpu": [
        "x64"
      ],
      "dev": true,
      "license": "MIT",
      "optional": true,
      "os": [
        "win32"
      ]
    },
    "node_modules/@types/estree": {
      "version": "1.0.9",
      "resolved": "https://registry.npmjs.org/@types/estree/-/estree-1.0.9.tgz",
      "integrity": "sha512-GhdPgy1el4/ImP05X05Uw4cw2/M93BCUmnEvWZNStlCzEKME4Fkk+YpoA5OiHNQmoS7Cafb8Xa3Pya8m1Qrzeg==",
      "dev": true,
      "license": "MIT"
    },
    "node_modules/fsevents": {
      "version": "2.3.3",
      "resolved": "https://registry.npmjs.org/fsevents/-/fsevents-2.3.3.tgz",
      "integrity": "sha512-5xoDfX+fL7faATnagmWPpbFtwh/R77WmMMqqHGS65C3vvB0YHrgF+B1YmZ3441tMj5n63k0212XNoJwzlhffQw==",
      "dev": true,
      "hasInstallScript": true,
      "license": "MIT",
      "optional": true,
      "os": [
        "darwin"
      ],
      "engines": {
        "node": "^8.16.0 || ^10.6.0 || >=11.0.0"
      }
    },
    "node_modules/rollup": {
      "version": "4.64.1",
      "resolved": "https://registry.npmjs.org/rollup/-/rollup-4.64.1.tgz",
      "integrity": "sha512-7s4V+3J8ux75WNj9qwSJnrWmlCmZ2YHr2fojtHy5RiIMvhJv6DGe7HKKz7L6G1sq1Eg1fLC8SjYtAtDis1F4CQ==",
      "dev": true,
      "license": "MIT",
      "dependencies": {
        "@types/estree": "1.0.9"
      },
      "bin": {
        "rollup": "dist/bin/rollup"
      },
      "engines": {
        "node": ">=18.0.0",
        "npm": ">=8.0.0"
      },
      "optionalDependencies": {
        "@napi-rs/lzma-linux-x64-gnu": "1.5.1",
        "@rollup/rollup-android-arm-eabi": "4.64.1",
        "@rollup/rollup-android-arm64": "4.64.1",
        "@rollup/rollup-darwin-arm64": "4.64.1",
        "@rollup/rollup-darwin-x64": "4.64.1",
        "@rollup/rollup-freebsd-arm64": "4.64.1",
        "@rollup/rollup-freebsd-x64": "4.64.1",
        "@rollup/rollup-linux-arm-gnueabihf": "4.64.1",
        "@rollup/rollup-linux-arm-musleabihf": "4.64.1",
        "@rollup/rollup-linux-arm64-gnu": "4.64.1",
        "@rollup/rollup-linux-arm64-musl": "4.64.1",
        "@rollup/rollup-linux-loong64-gnu": "4.64.1",
        "@rollup/rollup-linux-loong64-musl": "4.64.1",
        "@rollup/rollup-linux-ppc64-gnu": "4.64.1",
        "@rollup/rollup-linux-ppc64-musl": "4.64.1",
        "@rollup/rollup-linux-riscv64-gnu": "4.64.1",
        "@rollup/rollup-linux-riscv64-musl": "4.64.1",
        "@rollup/rollup-linux-s390x-gnu": "4.64.1",
        "@rollup/rollup-linux-x64-gnu": "4.64.1",
        "@rollup/rollup-linux-x64-musl": "4.64.1",
        "@rollup/rollup-openbsd-x64": "4.64.1",
        "@rollup/rollup-openharmony-arm64": "4.64.1",
        "@rollup/rollup-win32-arm64-msvc": "4.64.1",
        "@rollup/rollup-win32-ia32-msvc": "4.64.1",
        "@rollup/rollup-win32-x64-gnu": "4.64.1",
        "@rollup/rollup-win32-x64-msvc": "4.64.1",
        "fsevents": "~2.3.2"
      }
    }
  }
}
